
Microsoft Visual Studio Solution File, Format Version 12.00
# Visual Studio Version 17
VisualStudioVersion = 17.13.35931.197 d17.13
MinimumVisualStudioVersion = 10.0.40219.1
Project("{FAE04EC0-301F-11D3-BF4B-00C04F79EFBC}") = "ETHICAL-Auras", "ETHICAL-Auras.csproj", "{D86F2D5E-231E-4F05-92FA-59B0C76E056C}"
EndProject
Global
	GlobalSection(SolutionConfigurationPlatforms) = preSolution
		Debug|Any CPU = Debug|Any CPU
		Release|Any CPU = Release|Any CPU
	EndGlobalSection
	GlobalSection(ProjectConfigurationPlatforms) = postSolution
		{D86F2D5E-231E-4F05-92FA-59B0C76E056C}.Debug|Any CPU.ActiveCfg = Debug|Any CPU
		{D86F2D5E-231E-4F05-92FA-59B0C76E056C}.Debug|Any CPU.Build.0 = Debug|Any CPU
		{D86F2D5E-231E-4F05-92FA-59B0C76E056C}.Release|Any CPU.ActiveCfg = Release|Any CPU
		{D86F2D5E-231E-4F05-92FA-59B0C76E056C}.Release|Any CPU.Build.0 = Release|Any CPU
	EndGlobalSection
	GlobalSection(SolutionProperties) = preSolution
		HideSolutionNode = FALSE
	EndGlobalSection
	GlobalSection(ExtensibilityGlobals) = postSolution
		SolutionGuid = {2FDF5369-D72E-4117-A77B-D2F401434303}
	EndGlobalSection
EndGlobal
